
Microsoft Visual Studio Solution File, Format Version 12.00
# Visual Studio Version 18
VisualStudioVersion = 18.3.11206.111
MinimumVisualStudioVersion = 10.0.40219.1
Project("{2150E333-8FDC-42A3-9474-1A3956D46DE8}") = "src", "src", "{827E0CD3-B72D-47B6-A68D-7590B98EB39B}"
EndProject
Project("{FAE04EC0-301F-11D3-BF4B-00C04F79EFBC}") = "Blazouter", "src\Blazouter\Blazouter.csproj", "{8044D24C-417A-4519-970C-ED66F8C5C425}"
EndProject
Project("{2150E333-8FDC-42A3-9474-1A3956D46DE8}") = "samples", "samples", "{5D20AA90-6969-D8BD-9DCD-8634F4692FDA}"
EndProject
Project("{2150E333-8FDC-42A3-9474-1A3956D46DE8}") = "Solution Items", "Solution Items", "{BE446282-5855-40C4-BDB0-DBAE6BFA6966}"
	ProjectSection(SolutionItems) = preProject
		.editorconfig = .editorconfig
		global.json = global.json
		NuGet.Config = NuGet.Config
	EndProjectSection
EndProject
Project("{FAE04EC0-301F-11D3-BF4B-00C04F79EFBC}") = "Blazouter.Server", "src\Blazouter.Server\Blazouter.Server.csproj", "{DAD1BD37-8B94-48DF-AD5C-7C1CFF1BE7C7}"
EndProject
Project("{FAE04EC0-301F-11D3-BF4B-00C04F79EFBC}") = "Blazouter.WebAssembly", "src\Blazouter.WebAssembly\Blazouter.WebAssembly.csproj", "{61506725-EB3C-29EA-96D5-4E2B9450629F}"
EndProject
Project("{FAE04EC0-301F-11D3-BF4B-00C04F79EFBC}") = "Blazouter.Hybrid", "src\Blazouter.Hybrid\Blazouter.Hybrid.csproj", "{406A9197-6F78-439D-B56F-C0131244D824}"
EndProject
Project("{FAE04EC0-301F-11D3-BF4B-00C04F79EFBC}") = "Blazouter.Server.Sample", "samples\Blazouter.Server.Sample\Blazouter.Server.Sample.csproj", "{716D2350-8F15-4939-88B4-AD94D5D108ED}"
EndProject
Project("{FAE04EC0-301F-11D3-BF4B-00C04F79EFBC}") = "Blazouter.WebAssembly.Sample", "samples\Blazouter.WebAssembly.Sample\Blazouter.WebAssembly.Sample.csproj", "{ABD9EB6C-A03B-5147-99E8-6F322EC58FE2}"
EndProject
Project("{FAE04EC0-301F-11D3-BF4B-00C04F79EFBC}") = "Blazouter.Web", "src\Blazouter.Web\Blazouter.Web.csproj", "{63D5EB57-86CD-4B7E-BE76-40CCA925F08B}"
EndProject
Project("{FAE04EC0-301F-11D3-BF4B-00C04F79EFBC}") = "Blazouter.Web.Sample", "samples\Blazouter.Web.Sample\Blazouter.Web.Sample\Blazouter.Web.Sample.csproj", "{2C994693-5365-4739-847A-067F3B24FB5D}"
EndProject
Project("{FAE04EC0-301F-11D3-BF4B-00C04F79EFBC}") = "Blazouter.Web.Client.Sample", "samples\Blazouter.Web.Sample\Blazouter.Web.Client.Sample\Blazouter.Web.Client.Sample.csproj", "{B628FCB4-8B06-C080-E674-CBEA706BF33F}"
EndProject
Project("{FAE04EC0-301F-11D3-BF4B-00C04F79EFBC}") = "Blazouter.Hybrid.Sample", "samples\Blazouter.Hybrid.Sample\Blazouter.Hybrid.Sample.csproj", "{F5E5BEAA-B855-4056-9E4F-BB410C1D167E}"
EndProject
Project("{FAE04EC0-301F-11D3-BF4B-00C04F79EFBC}") = "Blazouter.LazyModule.Sample", "samples\Blazouter.LazyModule.Sample\Blazouter.LazyModule.Sample.csproj", "{37F833C6-CF11-4D44-B3C8-B671C15131E8}"
EndProject
Global
	GlobalSection(SolutionConfigurationPlatforms) = preSolution
		Debug|Any CPU = Debug|Any CPU
		Debug|x64 = Debug|x64
		Debug|x86 = Debug|x86
		Release|Any CPU = Release|Any CPU
		Release|x64 = Release|x64
		Release|x86 = Release|x86
	EndGlobalSection
	GlobalSection(ProjectConfigurationPlatforms) = postSolution
		{8044D24C-417A-4519-970C-ED66F8C5C425}.Debug|Any CPU.ActiveCfg = Debug|Any CPU
		{8044D24C-417A-4519-970C-ED66F8C5C425}.Debug|Any CPU.Build.0 = Debug|Any CPU
		{8044D24C-417A-4519-970C-ED66F8C5C425}.Debug|x64.ActiveCfg = Debug|Any CPU
		{8044D24C-417A-4519-970C-ED66F8C5C425}.Debug|x64.Build.0 = Debug|Any CPU
		{8044D24C-417A-4519-970C-ED66F8C5C425}.Debug|x86.ActiveCfg = Debug|Any CPU
		{8044D24C-417A-4519-970C-ED66F8C5C425}.Debug|x86.Build.0 = Debug|Any CPU
		{8044D24C-417A-4519-970C-ED66F8C5C425}.Release|Any CPU.ActiveCfg = Release|Any CPU
		{8044D24C-417A-4519-970C-ED66F8C5C425}.Release|Any CPU.Build.0 = Release|Any CPU
		{8044D24C-417A-4519-970C-ED66F8C5C425}.Release|x64.ActiveCfg = Release|Any CPU
		{8044D24C-417A-4519-970C-ED66F8C5C425}.Release|x64.Build.0 = Release|Any CPU
		{8044D24C-417A-4519-970C-ED66F8C5C425}.Release|x86.ActiveCfg = Release|Any CPU
		{8044D24C-417A-4519-970C-ED66F8C5C425}.Release|x86.Build.0 = Release|Any CPU
		{DAD1BD37-8B94-48DF-AD5C-7C1CFF1BE7C7}.Debug|Any CPU.ActiveCfg = Debug|Any CPU
		{DAD1BD37-8B94-48DF-AD5C-7C1CFF1BE7C7}.Debug|Any CPU.Build.0 = Debug|Any CPU
		{DAD1BD37-8B94-48DF-AD5C-7C1CFF1BE7C7}.Debug|x64.ActiveCfg = Debug|Any CPU
		{DAD1BD37-8B94-48DF-AD5C-7C1CFF1BE7C7}.Debug|x64.Build.0 = Debug|Any CPU
		{DAD1BD37-8B94-48DF-AD5C-7C1CFF1BE7C7}.Debug|x86.ActiveCfg = Debug|Any CPU
		{DAD1BD37-8B94-48DF-AD5C-7C1CFF1BE7C7}.Debug|x86.Build.0 = Debug|Any CPU
		{DAD1BD37-8B94-48DF-AD5C-7C1CFF1BE7C7}.Release|Any CPU.ActiveCfg = Release|Any CPU
		{DAD1BD37-8B94-48DF-AD5C-7C1CFF1BE7C7}.Release|Any CPU.Build.0 = Release|Any CPU
		{DAD1BD37-8B94-48DF-AD5C-7C1CFF1BE7C7}.Release|x64.ActiveCfg = Release|Any CPU
		{DAD1BD37-8B94-48DF-AD5C-7C1CFF1BE7C7}.Release|x64.Build.0 = Release|Any CPU
		{DAD1BD37-8B94-48DF-AD5C-7C1CFF1BE7C7}.Release|x86.ActiveCfg = Release|Any CPU
		{DAD1BD37-8B94-48DF-AD5C-7C1CFF1BE7C7}.Release|x86.Build.0 = Release|Any CPU
		{61506725-EB3C-29EA-96D5-4E2B9450629F}.Debug|Any CPU.ActiveCfg = Debug|Any CPU
		{61506725-EB3C-29EA-96D5-4E2B9450629F}.Debug|Any CPU.Build.0 = Debug|Any CPU
		{61506725-EB3C-29EA-96D5-4E2B9450629F}.Debug|x64.ActiveCfg = Debug|Any CPU
		{61506725-EB3C-29EA-96D5-4E2B9450629F}.Debug|x64.Build.0 = Debug|Any CPU
		{61506725-EB3C-29EA-96D5-4E2B9450629F}.Debug|x86.ActiveCfg = Debug|Any CPU
		{61506725-EB3C-29EA-96D5-4E2B9450629F}.Debug|x86.Build.0 = Debug|Any CPU
		{61506725-EB3C-29EA-96D5-4E2B9450629F}.Release|Any CPU.ActiveCfg = Release|Any CPU
		{61506725-EB3C-29EA-96D5-4E2B9450629F}.Release|Any CPU.Build.0 = Release|Any CPU
		{61506725-EB3C-29EA-96D5-4E2B9450629F}.Release|x64.ActiveCfg = Release|Any CPU
		{61506725-EB3C-29EA-96D5-4E2B9450629F}.Release|x64.Build.0 = Release|Any CPU
		{61506725-EB3C-29EA-96D5-4E2B9450629F}.Release|x86.ActiveCfg = Release|Any CPU
		{61506725-EB3C-29EA-96D5-4E2B9450629F}.Release|x86.Build.0 = Release|Any CPU
		{406A9197-6F78-439D-B56F-C0131244D824}.Debug|Any CPU.ActiveCfg = Debug|Any CPU
		{406A9197-6F78-439D-B56F-C0131244D824}.Debug|Any CPU.Build.0 = Debug|Any CPU
		{406A9197-6F78-439D-B56F-C0131244D824}.Debug|x64.ActiveCfg = Debug|Any CPU
		{406A9197-6F78-439D-B56F-C0131244D824}.Debug|x64.Build.0 = Debug|Any CPU
		{406A9197-6F78-439D-B56F-C0131244D824}.Debug|x86.ActiveCfg = Debug|Any CPU
		{406A9197-6F78-439D-B56F-C0131244D824}.Debug|x86.Build.0 = Debug|Any CPU
		{406A9197-6F78-439D-B56F-C0131244D824}.Release|Any CPU.ActiveCfg = Release|Any CPU
		{406A9197-6F78-439D-B56F-C0131244D824}.Release|Any CPU.Build.0 = Release|Any CPU
		{406A9197-6F78-439D-B56F-C0131244D824}.Release|x64.ActiveCfg = Release|Any CPU
		{406A9197-6F78-439D-B56F-C0131244D824}.Release|x64.Build.0 = Release|Any CPU
		{406A9197-6F78-439D-B56F-C0131244D824}.Release|x86.ActiveCfg = Release|Any CPU
		{406A9197-6F78-439D-B56F-C0131244D824}.Release|x86.Build.0 = Release|Any CPU
		{716D2350-8F15-4939-88B4-AD94D5D108ED}.Debug|Any CPU.ActiveCfg = Debug|Any CPU
		{716D2350-8F15-4939-88B4-AD94D5D108ED}.Debug|Any CPU.Build.0 = Debug|Any CPU
		{716D2350-8F15-4939-88B4-AD94D5D108ED}.Debug|x64.ActiveCfg = Debug|Any CPU
		{716D2350-8F15-4939-88B4-AD94D5D108ED}.Debug|x64.Build.0 = Debug|Any CPU
		{716D2350-8F15-4939-88B4-AD94D5D108ED}.Debug|x86.ActiveCfg = Debug|Any CPU
		{716D2350-8F15-4939-88B4-AD94D5D108ED}.Debug|x86.Build.0 = Debug|Any CPU
		{716D2350-8F15-4939-88B4-AD94D5D108ED}.Release|Any CPU.ActiveCfg = Release|Any CPU
		{716D2350-8F15-4939-88B4-AD94D5D108ED}.Release|Any CPU.Build.0 = Release|Any CPU
		{716D2350-8F15-4939-88B4-AD94D5D108ED}.Release|x64.ActiveCfg = Release|Any CPU
		{716D2350-8F15-4939-88B4-AD94D5D108ED}.Release|x64.Build.0 = Release|Any CPU
		{716D2350-8F15-4939-88B4-AD94D5D108ED}.Release|x86.ActiveCfg = Release|Any CPU
		{716D2350-8F15-4939-88B4-AD94D5D108ED}.Release|x86.Build.0 = Release|Any CPU
		{ABD9EB6C-A03B-5147-99E8-6F322EC58FE2}.Debug|Any CPU.ActiveCfg = Debug|Any CPU
		{ABD9EB6C-A03B-5147-99E8-6F322EC58FE2}.Debug|Any CPU.Build.0 = Debug|Any CPU
		{ABD9EB6C-A03B-5147-99E8-6F322EC58FE2}.Debug|x64.ActiveCfg = Debug|Any CPU
		{ABD9EB6C-A03B-5147-99E8-6F322EC58FE2}.Debug|x64.Build.0 = Debug|Any CPU
		{ABD9EB6C-A03B-5147-99E8-6F322EC58FE2}.Debug|x86.ActiveCfg = Debug|Any CPU
		{ABD9EB6C-A03B-5147-99E8-6F322EC58FE2}.Debug|x86.Build.0 = Debug|Any CPU
		{ABD9EB6C-A03B-5147-99E8-6F322EC58FE2}.Release|Any CPU.ActiveCfg = Release|Any CPU
		{ABD9EB6C-A03B-5147-99E8-6F322EC58FE2}.Release|Any CPU.Build.0 = Release|Any CPU
		{ABD9EB6C-A03B-5147-99E8-6F322EC58FE2}.Release|x64.ActiveCfg = Release|Any CPU
		{ABD9EB6C-A03B-5147-99E8-6F322EC58FE2}.Release|x64.Build.0 = Release|Any CPU
		{ABD9EB6C-A03B-5147-99E8-6F322EC58FE2}.Release|x86.ActiveCfg = Release|Any CPU
		{ABD9EB6C-A03B-5147-99E8-6F322EC58FE2}.Release|x86.Build.0 = Release|Any CPU
		{63D5EB57-86CD-4B7E-BE76-40CCA925F08B}.Debug|Any CPU.ActiveCfg = Debug|Any CPU
		{63D5EB57-86CD-4B7E-BE76-40CCA925F08B}.Debug|Any CPU.Build.0 = Debug|Any CPU
		{63D5EB57-86CD-4B7E-BE76-40CCA925F08B}.Debug|x64.ActiveCfg = Debug|Any CPU
		{63D5EB57-86CD-4B7E-BE76-40CCA925F08B}.Debug|x64.Build.0 = Debug|Any CPU
		{63D5EB57-86CD-4B7E-BE76-40CCA925F08B}.Debug|x86.ActiveCfg = Debug|Any CPU
		{63D5EB57-86CD-4B7E-BE76-40CCA925F08B}.Debug|x86.Build.0 = Debug|Any CPU
		{63D5EB57-86CD-4B7E-BE76-40CCA925F08B}.Release|Any CPU.ActiveCfg = Release|Any CPU
		{63D5EB57-86CD-4B7E-BE76-40CCA925F08B}.Release|Any CPU.Build.0 = Release|Any CPU
		{63D5EB57-86CD-4B7E-BE76-40CCA925F08B}.Release|x64.ActiveCfg = Release|Any CPU
		{63D5EB57-86CD-4B7E-BE76-40CCA925F08B}.Release|x64.Build.0 = Release|Any CPU
		{63D5EB57-86CD-4B7E-BE76-40CCA925F08B}.Release|x86.ActiveCfg = Release|Any CPU
		{63D5EB57-86CD-4B7E-BE76-40CCA925F08B}.Release|x86.Build.0 = Release|Any CPU
		{2C994693-5365-4739-847A-067F3B24FB5D}.Debug|Any CPU.ActiveCfg = Debug|Any CPU
		{2C994693-5365-4739-847A-067F3B24FB5D}.Debug|Any CPU.Build.0 = Debug|Any CPU
		{2C994693-5365-4739-847A-067F3B24FB5D}.Debug|x64.ActiveCfg = Debug|Any CPU
		{2C994693-5365-4739-847A-067F3B24FB5D}.Debug|x64.Build.0 = Debug|Any CPU
		{2C994693-5365-4739-847A-067F3B24FB5D}.Debug|x86.ActiveCfg = Debug|Any CPU
		{2C994693-5365-4739-847A-067F3B24FB5D}.Debug|x86.Build.0 = Debug|Any CPU
		{2C994693-5365-4739-847A-067F3B24FB5D}.Release|Any CPU.ActiveCfg = Release|Any CPU
		{2C994693-5365-4739-847A-067F3B24FB5D}.Release|Any CPU.Build.0 = Release|Any CPU
		{2C994693-5365-4739-847A-067F3B24FB5D}.Release|x64.ActiveCfg = Release|Any CPU
		{2C994693-5365-4739-847A-067F3B24FB5D}.Release|x64.Build.0 = Release|Any CPU
		{2C994693-5365-4739-847A-067F3B24FB5D}.Release|x86.ActiveCfg = Release|Any CPU
		{2C994693-5365-4739-847A-067F3B24FB5D}.Release|x86.Build.0 = Release|Any CPU
		{B628FCB4-8B06-C080-E674-CBEA706BF33F}.Debug|Any CPU.ActiveCfg = Debug|Any CPU
		{B628FCB4-8B06-C080-E674-CBEA706BF33F}.Debug|Any CPU.Build.0 = Debug|Any CPU
		{B628FCB4-8B06-C080-E674-CBEA706BF33F}.Debug|x64.ActiveCfg = Debug|Any CPU
		{B628FCB4-8B06-C080-E674-CBEA706BF33F}.Debug|x64.Build.0 = Debug|Any CPU
		{B628FCB4-8B06-C080-E674-CBEA706BF33F}.Debug|x86.ActiveCfg = Debug|Any CPU
		{B628FCB4-8B06-C080-E674-CBEA706BF33F}.Debug|x86.Build.0 = Debug|Any CPU
		{B628FCB4-8B06-C080-E674-CBEA706BF33F}.Release|Any CPU.ActiveCfg = Release|Any CPU
		{B628FCB4-8B06-C080-E674-CBEA706BF33F}.Release|Any CPU.Build.0 = Release|Any CPU
		{B628FCB4-8B06-C080-E674-CBEA706BF33F}.Release|x64.ActiveCfg = Release|Any CPU
		{B628FCB4-8B06-C080-E674-CBEA706BF33F}.Release|x64.Build.0 = Release|Any CPU
		{B628FCB4-8B06-C080-E674-CBEA706BF33F}.Release|x86.ActiveCfg = Release|Any CPU
		{B628FCB4-8B06-C080-E674-CBEA706BF33F}.Release|x86.Build.0 = Release|Any CPU
		{F5E5BEAA-B855-4056-9E4F-BB410C1D167E}.Debug|Any CPU.ActiveCfg = Debug|Any CPU
		{F5E5BEAA-B855-4056-9E4F-BB410C1D167E}.Debug|Any CPU.Build.0 = Debug|Any CPU
		{F5E5BEAA-B855-4056-9E4F-BB410C1D167E}.Debug|x64.ActiveCfg = Debug|Any CPU
		{F5E5BEAA-B855-4056-9E4F-BB410C1D167E}.Debug|x64.Build.0 = Debug|Any CPU
		{F5E5BEAA-B855-4056-9E4F-BB410C1D167E}.Debug|x86.ActiveCfg = Debug|Any CPU
		{F5E5BEAA-B855-4056-9E4F-BB410C1D167E}.Debug|x86.Build.0 = Debug|Any CPU
		{F5E5BEAA-B855-4056-9E4F-BB410C1D167E}.Release|Any CPU.ActiveCfg = Release|Any CPU
		{F5E5BEAA-B855-4056-9E4F-BB410C1D167E}.Release|Any CPU.Build.0 = Release|Any CPU
		{F5E5BEAA-B855-4056-9E4F-BB410C1D167E}.Release|x64.ActiveCfg = Release|Any CPU
		{F5E5BEAA-B855-4056-9E4F-BB410C1D167E}.Release|x64.Build.0 = Release|Any CPU
		{F5E5BEAA-B855-4056-9E4F-BB410C1D167E}.Release|x86.ActiveCfg = Release|Any CPU
		{F5E5BEAA-B855-4056-9E4F-BB410C1D167E}.Release|x86.Build.0 = Release|Any CPU
		{37F833C6-CF11-4D44-B3C8-B671C15131E8}.Debug|Any CPU.ActiveCfg = Debug|Any CPU
		{37F833C6-CF11-4D44-B3C8-B671C15131E8}.Debug|Any CPU.Build.0 = Debug|Any CPU
		{37F833C6-CF11-4D44-B3C8-B671C15131E8}.Debug|x64.ActiveCfg = Debug|Any CPU
		{37F833C6-CF11-4D44-B3C8-B671C15131E8}.Debug|x64.Build.0 = Debug|Any CPU
		{37F833C6-CF11-4D44-B3C8-B671C15131E8}.Debug|x86.ActiveCfg = Debug|Any CPU
		{37F833C6-CF11-4D44-B3C8-B671C15131E8}.Debug|x86.Build.0 = Debug|Any CPU
		{37F833C6-CF11-4D44-B3C8-B671C15131E8}.Release|Any CPU.ActiveCfg = Release|Any CPU
		{37F833C6-CF11-4D44-B3C8-B671C15131E8}.Release|Any CPU.Build.0 = Release|Any CPU
		{37F833C6-CF11-4D44-B3C8-B671C15131E8}.Release|x64.ActiveCfg = Release|Any CPU
		{37F833C6-CF11-4D44-B3C8-B671C15131E8}.Release|x64.Build.0 = Release|Any CPU
		{37F833C6-CF11-4D44-B3C8-B671C15131E8}.Release|x86.ActiveCfg = Release|Any CPU
		{37F833C6-CF11-4D44-B3C8-B671C15131E8}.Release|x86.Build.0 = Release|Any CPU
	EndGlobalSection
	GlobalSection(SolutionProperties) = preSolution
		HideSolutionNode = FALSE
	EndGlobalSection
	GlobalSection(NestedProjects) = preSolution
		{8044D24C-417A-4519-970C-ED66F8C5C425} = {827E0CD3-B72D-47B6-A68D-7590B98EB39B}
		{DAD1BD37-8B94-48DF-AD5C-7C1CFF1BE7C7} = {827E0CD3-B72D-47B6-A68D-7590B98EB39B}
		{61506725-EB3C-29EA-96D5-4E2B9450629F} = {827E0CD3-B72D-47B6-A68D-7590B98EB39B}
		{406A9197-6F78-439D-B56F-C0131244D824} = {827E0CD3-B72D-47B6-A68D-7590B98EB39B}
		{716D2350-8F15-4939-88B4-AD94D5D108ED} = {5D20AA90-6969-D8BD-9DCD-8634F4692FDA}
		{ABD9EB6C-A03B-5147-99E8-6F322EC58FE2} = {5D20AA90-6969-D8BD-9DCD-8634F4692FDA}
		{63D5EB57-86CD-4B7E-BE76-40CCA925F08B} = {827E0CD3-B72D-47B6-A68D-7590B98EB39B}
		{2C994693-5365-4739-847A-067F3B24FB5D} = {5D20AA90-6969-D8BD-9DCD-8634F4692FDA}
		{B628FCB4-8B06-C080-E674-CBEA706BF33F} = {5D20AA90-6969-D8BD-9DCD-8634F4692FDA}
		{F5E5BEAA-B855-4056-9E4F-BB410C1D167E} = {5D20AA90-6969-D8BD-9DCD-8634F4692FDA}
		{37F833C6-CF11-4D44-B3C8-B671C15131E8} = {5D20AA90-6969-D8BD-9DCD-8634F4692FDA}
	EndGlobalSection
	GlobalSection(ExtensibilityGlobals) = postSolution
		SolutionGuid = {6839F69F-AC34-4582-909A-38004A02157A}
	EndGlobalSection
EndGlobal
